
Microsoft Visual Studio Solution File, Format Version 12.00
# Visual Studio Version 16
VisualStudioVersion = 16.0.28621.142
MinimumVisualStudioVersion = 10.0.40219.1
Project("{2150E333-8FDC-42A3-9474-1A3956D46DE8}") = "Ledger", "Ledger", "{D002C321-6CB3-4DD1-A5B9-17C0277BFBA9}"
EndProject
Project("{FAE04EC0-301F-11D3-BF4B-00C04F79EFBC}") = "Ledger.PatientLedgerTests", "PatientLedger.PatientLedgerTests\Ledger.PatientLedgerTests.csproj", "{7B8B12EA-F607-4F98-BADC-8B947F48F749}"
EndProject
Global
	GlobalSection(SolutionConfigurationPlatforms) = preSolution
		Attach|Any CPU = Attach|Any CPU
		Debug|Any CPU = Debug|Any CPU
		Release|Any CPU = Release|Any CPU
	EndGlobalSection
	GlobalSection(ProjectConfigurationPlatforms) = postSolution
		{7B8B12EA-F607-4F98-BADC-8B947F48F749}.Attach|Any CPU.ActiveCfg = Release|Any CPU
		{7B8B12EA-F607-4F98-BADC-8B947F48F749}.Attach|Any CPU.Build.0 = Release|Any CPU
		{7B8B12EA-F607-4F98-BADC-8B947F48F749}.Debug|Any CPU.ActiveCfg = Debug|Any CPU
		{7B8B12EA-F607-4F98-BADC-8B947F48F749}.Debug|Any CPU.Build.0 = Debug|Any CPU
		{7B8B12EA-F607-4F98-BADC-8B947F48F749}.Release|Any CPU.ActiveCfg = Release|Any CPU
		{7B8B12EA-F607-4F98-BADC-8B947F48F749}.Release|Any CPU.Build.0 = Release|Any CPU
	EndGlobalSection
	GlobalSection(SolutionProperties) = preSolution
		HideSolutionNode = FALSE
	EndGlobalSection
	GlobalSection(NestedProjects) = preSolution
		{7B8B12EA-F607-4F98-BADC-8B947F48F749} = {D002C321-6CB3-4DD1-A5B9-17C0277BFBA9}
	EndGlobalSection
	GlobalSection(ExtensibilityGlobals) = postSolution
		SolutionGuid = {91D049E7-4037-45A0-9537-30373234FC05}
	EndGlobalSection
EndGlobal
